# This file is generated by running "yarn install" inside your project.
# Manual changes might be lost - proceed with caution!

__metadata:
  version: 10
  cacheKey: 10c0

"@emnapi/core@npm:1.11.1":
  version: 1.11.1
  resolution: "@emnapi/core@npm:1.11.1::__archiveUrl=https%3A%2F%2Fbin.ti8m.ch%3A443%2Fartifactory%2Fapi%2Fnpm%2Fbanking_npm%2F%40emnapi%2Fcore%2F-%2Fcore-1.11.1.tgz"
  dependencies:
    "@emnapi/wasi-threads": "npm:1.2.2"
    tslib: "npm:^2.4.0"
  checksum: 10c0/2c6defdac2d1d26090384655d7d6c9614fa553853b1760597686749e9375dc2aa0dae80a2615b81c254600f5d531d07d8466cde0d331a8caae64b93f3ca5937e
  languageName: node
  linkType: hard

"@emnapi/runtime@npm:1.11.1":
  version: 1.11.1
  resolution: "@emnapi/runtime@npm:1.11.1::__archiveUrl=https%3A%2F%2Fbin.ti8m.ch%3A443%2Fartifactory%2Fapi%2Fnpm%2Fbanking_npm%2F%40emnapi%2Fruntime%2F-%2Fruntime-1.11.1.tgz"
  dependencies:
    tslib: "npm:^2.4.0"
  checksum: 10c0/04332fb62076afc440aa23316c04bec42f584ca8b074e5507d08e2b33a47cbe0493b1aadb8f3c1057b64ae1e17f5bde1a7bc37f7facc9d0bc25c18197cbd366f
  languageName: node
  linkType: hard

"@emnapi/wasi-threads@npm:1.2.2":
  version: 1.2.2
  resolution: "@emnapi/wasi-threads@npm:1.2.2::__archiveUrl=https%3A%2F%2Fbin.ti8m.ch%3A443%2Fartifactory%2Fapi%2Fnpm%2Fbanking_npm%2F%40emnapi%2Fwasi-threads%2F-%2Fwasi-threads-1.2.2.tgz"
  dependencies:
    tslib: "npm:^2.4.0"
  checksum: 10c0/f0dc8269d6b20ae5a7c7b36e7a6a333452009d461038ef4febb29da2f3f78c1e2b1576d7e8970a5c5789ed3caedc1f80f5b0c2a5373bdaf8d03b20432bb55747
  languageName: node
  linkType: hard

"@napi-rs/wasm-runtime@npm:^1.1.5":
  version: 1.1.5
  resolution: "@napi-rs/wasm-runtime@npm:1.1.5::__archiveUrl=https%3A%2F%2Fbin.ti8m.ch%3A443%2Fartifactory%2Fapi%2Fnpm%2Fbanking_npm%2F%40napi-rs%2Fwasm-runtime%2F-%2Fwasm-runtime-1.1.5.tgz"
  dependencies:
    "@tybys/wasm-util": "npm:^0.10.2"
  peerDependencies:
    "@emnapi/core": ^1.7.1
    "@emnapi/runtime": ^1.7.1
  checksum: 10c0/727f2b6ae0e68bbe5d39aeb68aa6f183314e9f03dc50bb55a962849535b2db53ecc3fbf1554d8656a54488a608df5a2634670595cf5874dc4af2ee59f817c65d
  languageName: node
  linkType: hard

"@oxc-transform/binding-android-arm-eabi@npm:0.136.0":
  version: 0.136.0
  resolution: "@oxc-transform/binding-android-arm-eabi@npm:0.136.0::__archiveUrl=https%3A%2F%2Fbin.ti8m.ch%3A443%2Fartifactory%2Fapi%2Fnpm%2Fbanking_npm%2F%40oxc-transform%2Fbinding-android-arm-eabi%2F-%2Fbinding-android-arm-eabi-0.136.0.tgz"
  conditions: os=android & cpu=arm
  languageName: node
  linkType: hard

"@oxc-transform/binding-android-arm64@npm:0.136.0":
  version: 0.136.0
  resolution: "@oxc-transform/binding-android-arm64@npm:0.136.0::__archiveUrl=https%3A%2F%2Fbin.ti8m.ch%3A443%2Fartifactory%2Fapi%2Fnpm%2Fbanking_npm%2F%40oxc-transform%2Fbinding-android-arm64%2F-%2Fbinding-android-arm64-0.136.0.tgz"
  conditions: os=android & cpu=arm64
  languageName: node
  linkType: hard

"@oxc-transform/binding-darwin-arm64@npm:0.136.0":
  version: 0.136.0
  resolution: "@oxc-transform/binding-darwin-arm64@npm:0.136.0::__archiveUrl=https%3A%2F%2Fbin.ti8m.ch%3A443%2Fartifactory%2Fapi%2Fnpm%2Fbanking_npm%2F%40oxc-transform%2Fbinding-darwin-arm64%2F-%2Fbinding-darwin-arm64-0.136.0.tgz"
  conditions: os=darwin & cpu=arm64
  languageName: node
  linkType: hard

"@oxc-transform/binding-darwin-x64@npm:0.136.0":
  version: 0.136.0
  resolution: "@oxc-transform/binding-darwin-x64@npm:0.136.0::__archiveUrl=https%3A%2F%2Fbin.ti8m.ch%3A443%2Fartifactory%2Fapi%2Fnpm%2Fbanking_npm%2F%40oxc-transform%2Fbinding-darwin-x64%2F-%2Fbinding-darwin-x64-0.136.0.tgz"
  conditions: os=darwin & cpu=x64
  languageName: node
  linkType: hard

"@oxc-transform/binding-freebsd-x64@npm:0.136.0":
  version: 0.136.0
  resolution: "@oxc-transform/binding-freebsd-x64@npm:0.136.0::__archiveUrl=https%3A%2F%2Fbin.ti8m.ch%3A443%2Fartifactory%2Fapi%2Fnpm%2Fbanking_npm%2F%40oxc-transform%2Fbinding-freebsd-x64%2F-%2Fbinding-freebsd-x64-0.136.0.tgz"
  conditions: os=freebsd & cpu=x64
  languageName: node
  linkType: hard

"@oxc-transform/binding-linux-arm-gnueabihf@npm:0.136.0":
  version: 0.136.0
  resolution: "@oxc-transform/binding-linux-arm-gnueabihf@npm:0.136.0::__archiveUrl=https%3A%2F%2Fbin.ti8m.ch%3A443%2Fartifactory%2Fapi%2Fnpm%2Fbanking_npm%2F%40oxc-transform%2Fbinding-linux-arm-gnueabihf%2F-%2Fbinding-linux-arm-gnueabihf-0.136.0.tgz"
  conditions: os=linux & cpu=arm
  languageName: node
  linkType: hard

"@oxc-transform/binding-linux-arm-musleabihf@npm:0.136.0":
  version: 0.136.0
  resolution: "@oxc-transform/binding-linux-arm-musleabihf@npm:0.136.0::__archiveUrl=https%3A%2F%2Fbin.ti8m.ch%3A443%2Fartifactory%2Fapi%2Fnpm%2Fbanking_npm%2F%40oxc-transform%2Fbinding-linux-arm-musleabihf%2F-%2Fbinding-linux-arm-musleabihf-0.136.0.tgz"
  conditions: os=linux & cpu=arm
  languageName: node
  linkType: hard

"@oxc-transform/binding-linux-arm64-gnu@npm:0.136.0":
  version: 0.136.0
  resolution: "@oxc-transform/binding-linux-arm64-gnu@npm:0.136.0::__archiveUrl=https%3A%2F%2Fbin.ti8m.ch%3A443%2Fartifactory%2Fapi%2Fnpm%2Fbanking_npm%2F%40oxc-transform%2Fbinding-linux-arm64-gnu%2F-%2Fbinding-linux-arm64-gnu-0.136.0.tgz"
  conditions: os=linux & cpu=arm64 & libc=glibc
  languageName: node
  linkType: hard

"@oxc-transform/binding-linux-arm64-musl@npm:0.136.0":
  version: 0.136.0
  resolution: "@oxc-transform/binding-linux-arm64-musl@npm:0.136.0::__archiveUrl=https%3A%2F%2Fbin.ti8m.ch%3A443%2Fartifactory%2Fapi%2Fnpm%2Fbanking_npm%2F%40oxc-transform%2Fbinding-linux-arm64-musl%2F-%2Fbinding-linux-arm64-musl-0.136.0.tgz"
  conditions: os=linux & cpu=arm64 & libc=musl
  languageName: node
  linkType: hard

"@oxc-transform/binding-linux-ppc64-gnu@npm:0.136.0":
  version: 0.136.0
  resolution: "@oxc-transform/binding-linux-ppc64-gnu@npm:0.136.0::__archiveUrl=https%3A%2F%2Fbin.ti8m.ch%3A443%2Fartifactory%2Fapi%2Fnpm%2Fbanking_npm%2F%40oxc-transform%2Fbinding-linux-ppc64-gnu%2F-%2Fbinding-linux-ppc64-gnu-0.136.0.tgz"
  conditions: os=linux & cpu=ppc64 & libc=glibc
  languageName: node
  linkType: hard

"@oxc-transform/binding-linux-riscv64-gnu@npm:0.136.0":
  version: 0.136.0
  resolution: "@oxc-transform/binding-linux-riscv64-gnu@npm:0.136.0::__archiveUrl=https%3A%2F%2Fbin.ti8m.ch%3A443%2Fartifactory%2Fapi%2Fnpm%2Fbanking_npm%2F%40oxc-transform%2Fbinding-linux-riscv64-gnu%2F-%2Fbinding-linux-riscv64-gnu-0.136.0.tgz"
  conditions: os=linux & cpu=riscv64 & libc=glibc
  languageName: node
  linkType: hard

"@oxc-transform/binding-linux-riscv64-musl@npm:0.136.0":
  version: 0.136.0
  resolution: "@oxc-transform/binding-linux-riscv64-musl@npm:0.136.0::__archiveUrl=https%3A%2F%2Fbin.ti8m.ch%3A443%2Fartifactory%2Fapi%2Fnpm%2Fbanking_npm%2F%40oxc-transform%2Fbinding-linux-riscv64-musl%2F-%2Fbinding-linux-riscv64-musl-0.136.0.tgz"
  conditions: os=linux & cpu=riscv64 & libc=musl
  languageName: node
  linkType: hard

"@oxc-transform/binding-linux-s390x-gnu@npm:0.136.0":
  version: 0.136.0
  resolution: "@oxc-transform/binding-linux-s390x-gnu@npm:0.136.0::__archiveUrl=https%3A%2F%2Fbin.ti8m.ch%3A443%2Fartifactory%2Fapi%2Fnpm%2Fbanking_npm%2F%40oxc-transform%2Fbinding-linux-s390x-gnu%2F-%2Fbinding-linux-s390x-gnu-0.136.0.tgz"
  conditions: os=linux & cpu=s390x & libc=glibc
  languageName: node
  linkType: hard

"@oxc-transform/binding-linux-x64-gnu@npm:0.136.0":
  version: 0.136.0
  resolution: "@oxc-transform/binding-linux-x64-gnu@npm:0.136.0::__archiveUrl=https%3A%2F%2Fbin.ti8m.ch%3A443%2Fartifactory%2Fapi%2Fnpm%2Fbanking_npm%2F%40oxc-transform%2Fbinding-linux-x64-gnu%2F-%2Fbinding-linux-x64-gnu-0.136.0.tgz"
  conditions: os=linux & cpu=x64 & libc=glibc
  languageName: node
  linkType: hard

"@oxc-transform/binding-linux-x64-musl@npm:0.136.0":
  version: 0.136.0
  resolution: "@oxc-transform/binding-linux-x64-musl@npm:0.136.0::__archiveUrl=https%3A%2F%2Fbin.ti8m.ch%3A443%2Fartifactory%2Fapi%2Fnpm%2Fbanking_npm%2F%40oxc-transform%2Fbinding-linux-x64-musl%2F-%2Fbinding-linux-x64-musl-0.136.0.tgz"
  conditions: os=linux & cpu=x64 & libc=musl
  languageName: node
  linkType: hard

"@oxc-transform/binding-openharmony-arm64@npm:0.136.0":
  version: 0.136.0
  resolution: "@oxc-transform/binding-openharmony-arm64@npm:0.136.0::__archiveUrl=https%3A%2F%2Fbin.ti8m.ch%3A443%2Fartifactory%2Fapi%2Fnpm%2Fbanking_npm%2F%40oxc-transform%2Fbinding-openharmony-arm64%2F-%2Fbinding-openharmony-arm64-0.136.0.tgz"
  conditions: os=openharmony & cpu=arm64
  languageName: node
  linkType: hard

"@oxc-transform/binding-wasm32-wasi@npm:0.136.0":
  version: 0.136.0
  resolution: "@oxc-transform/binding-wasm32-wasi@npm:0.136.0::__archiveUrl=https%3A%2F%2Fbin.ti8m.ch%3A443%2Fartifactory%2Fapi%2Fnpm%2Fbanking_npm%2F%40oxc-transform%2Fbinding-wasm32-wasi%2F-%2Fbinding-wasm32-wasi-0.136.0.tgz"
  dependencies:
    "@emnapi/core": "npm:1.11.1"
    "@emnapi/runtime": "npm:1.11.1"
    "@napi-rs/wasm-runtime": "npm:^1.1.5"
  conditions: cpu=wasm32
  languageName: node
  linkType: hard

"@oxc-transform/binding-win32-arm64-msvc@npm:0.136.0":
  version: 0.136.0
  resolution: "@oxc-transform/binding-win32-arm64-msvc@npm:0.136.0::__archiveUrl=https%3A%2F%2Fbin.ti8m.ch%3A443%2Fartifactory%2Fapi%2Fnpm%2Fbanking_npm%2F%40oxc-transform%2Fbinding-win32-arm64-msvc%2F-%2Fbinding-win32-arm64-msvc-0.136.0.tgz"
  conditions: os=win32 & cpu=arm64
  languageName: node
  linkType: hard

"@oxc-transform/binding-win32-ia32-msvc@npm:0.136.0":
  version: 0.136.0
  resolution: "@oxc-transform/binding-win32-ia32-msvc@npm:0.136.0::__archiveUrl=https%3A%2F%2Fbin.ti8m.ch%3A443%2Fartifactory%2Fapi%2Fnpm%2Fbanking_npm%2F%40oxc-transform%2Fbinding-win32-ia32-msvc%2F-%2Fbinding-win32-ia32-msvc-0.136.0.tgz"
  conditions: os=win32 & cpu=ia32
  languageName: node
  linkType: hard

"@oxc-transform/binding-win32-x64-msvc@npm:0.136.0":
  version: 0.136.0
  resolution: "@oxc-transform/binding-win32-x64-msvc@npm:0.136.0::__archiveUrl=https%3A%2F%2Fbin.ti8m.ch%3A443%2Fartifactory%2Fapi%2Fnpm%2Fbanking_npm%2F%40oxc-transform%2Fbinding-win32-x64-msvc%2F-%2Fbinding-win32-x64-msvc-0.136.0.tgz"
  conditions: os=win32 & cpu=x64
  languageName: node
  linkType: hard

"@tybys/wasm-util@npm:^0.10.2":
  version: 0.10.2
  resolution: "@tybys/wasm-util@npm:0.10.2::__archiveUrl=https%3A%2F%2Fbin.ti8m.ch%3A443%2Fartifactory%2Fapi%2Fnpm%2Fbanking_npm%2F%40tybys%2Fwasm-util%2F-%2Fwasm-util-0.10.2.tgz"
  dependencies:
    tslib: "npm:^2.4.0"
  checksum: 10c0/26165bcd1fd7269f42d7fbe3de318f854a8968de8397e89fc9a423bb3e2da35a52150f382e6323b3367595beb16d9800a6f35971a5599daf76da1742ec3afc25
  languageName: node
  linkType: hard

"oxc-repro@workspace:.":
  version: 0.0.0-use.local
  resolution: "oxc-repro@workspace:."
  dependencies:
    oxc-transform: "npm:0.136.0"
  languageName: unknown
  linkType: soft

"oxc-transform@npm:0.136.0":
  version: 0.136.0
  resolution: "oxc-transform@npm:0.136.0::__archiveUrl=https%3A%2F%2Fbin.ti8m.ch%3A443%2Fartifactory%2Fapi%2Fnpm%2Fbanking_npm%2Foxc-transform%2F-%2Foxc-transform-0.136.0.tgz"
  dependencies:
    "@oxc-transform/binding-android-arm-eabi": "npm:0.136.0"
    "@oxc-transform/binding-android-arm64": "npm:0.136.0"
    "@oxc-transform/binding-darwin-arm64": "npm:0.136.0"
    "@oxc-transform/binding-darwin-x64": "npm:0.136.0"
    "@oxc-transform/binding-freebsd-x64": "npm:0.136.0"
    "@oxc-transform/binding-linux-arm-gnueabihf": "npm:0.136.0"
    "@oxc-transform/binding-linux-arm-musleabihf": "npm:0.136.0"
    "@oxc-transform/binding-linux-arm64-gnu": "npm:0.136.0"
    "@oxc-transform/binding-linux-arm64-musl": "npm:0.136.0"
    "@oxc-transform/binding-linux-ppc64-gnu": "npm:0.136.0"
    "@oxc-transform/binding-linux-riscv64-gnu": "npm:0.136.0"
    "@oxc-transform/binding-linux-riscv64-musl": "npm:0.136.0"
    "@oxc-transform/binding-linux-s390x-gnu": "npm:0.136.0"
    "@oxc-transform/binding-linux-x64-gnu": "npm:0.136.0"
    "@oxc-transform/binding-linux-x64-musl": "npm:0.136.0"
    "@oxc-transform/binding-openharmony-arm64": "npm:0.136.0"
    "@oxc-transform/binding-wasm32-wasi": "npm:0.136.0"
    "@oxc-transform/binding-win32-arm64-msvc": "npm:0.136.0"
    "@oxc-transform/binding-win32-ia32-msvc": "npm:0.136.0"
    "@oxc-transform/binding-win32-x64-msvc": "npm:0.136.0"
  dependenciesMeta:
    "@oxc-transform/binding-android-arm-eabi":
      optional: true
    "@oxc-transform/binding-android-arm64":
      optional: true
    "@oxc-transform/binding-darwin-arm64":
      optional: true
    "@oxc-transform/binding-darwin-x64":
      optional: true
    "@oxc-transform/binding-freebsd-x64":
      optional: true
    "@oxc-transform/binding-linux-arm-gnueabihf":
      optional: true
    "@oxc-transform/binding-linux-arm-musleabihf":
      optional: true
    "@oxc-transform/binding-linux-arm64-gnu":
      optional: true
    "@oxc-transform/binding-linux-arm64-musl":
      optional: true
    "@oxc-transform/binding-linux-ppc64-gnu":
      optional: true
    "@oxc-transform/binding-linux-riscv64-gnu":
      optional: true
    "@oxc-transform/binding-linux-riscv64-musl":
      optional: true
    "@oxc-transform/binding-linux-s390x-gnu":
      optional: true
    "@oxc-transform/binding-linux-x64-gnu":
      optional: true
    "@oxc-transform/binding-linux-x64-musl":
      optional: true
    "@oxc-transform/binding-openharmony-arm64":
      optional: true
    "@oxc-transform/binding-wasm32-wasi":
      optional: true
    "@oxc-transform/binding-win32-arm64-msvc":
      optional: true
    "@oxc-transform/binding-win32-ia32-msvc":
      optional: true
    "@oxc-transform/binding-win32-x64-msvc":
      optional: true
  checksum: 10c0/4ad64e80c06fbf9aecb0a16bd367c90c37b7d0cfe76ff4c0d78961e7e8fc9c629c1765a7fd04a6e276ff7dea3a05528e8b770773632d903c561c7506c1baa9be
  languageName: node
  linkType: hard

"tslib@npm:^2.4.0":
  version: 2.8.1
  resolution: "tslib@npm:2.8.1::__archiveUrl=https%3A%2F%2Fbin.ti8m.ch%3A443%2Fartifactory%2Fapi%2Fnpm%2Fbanking_npm%2Ftslib%2F-%2Ftslib-2.8.1.tgz"
  checksum: 10c0/9c4759110a19c53f992d9aae23aac5ced636e99887b51b9e61def52611732872ff7668757d4e4c61f19691e36f4da981cd9485e869b4a7408d689f6bf1f14e62
  languageName: node
  linkType: hard
